// !$*UTF8*$!
{
	archiveVersion = 1;
	classes = {
	};
	objectVersion = 50;
	objects = {

/* Begin PBXBuildFile section */
		321806E423288DFE00D167D3 /* AppDelegate.swift in Sources */ = {isa = PBXBuildFile; fileRef = 321806E323288DFE00D167D3 /* AppDelegate.swift */; };
		321806E623288DFE00D167D3 /* ViewController.swift in Sources */ = {isa = PBXBuildFile; fileRef = 321806E523288DFE00D167D3 /* ViewController.swift */; };
		321806E923288DFF00D167D3 /* Main.storyboard in Resources */ = {isa = PBXBuildFile; fileRef = 321806E723288DFF00D167D3 /* Main.storyboard */; };
		321806EB23288E0000D167D3 /* Assets.xcassets in Resources */ = {isa = PBXBuildFile; fileRef = 321806EA23288E0000D167D3 /* Assets.xcassets */; };
		321806EE23288E0000D167D3 /* LaunchScreen.storyboard in Resources */ = {isa = PBXBuildFile; fileRef = 321806EC23288E0000D167D3 /* LaunchScreen.storyboard */; };
		321806F923288E0100D167D3 /* TestScreenShotTests.swift in Sources */ = {isa = PBXBuildFile; fileRef = 321806F823288E0100D167D3 /* TestScreenShotTests.swift */; };
		3218070423288E0100D167D3 /* TestScreenShotUITests.swift in Sources */ = {isa = PBXBuildFile; fileRef = 3218070323288E0100D167D3 /* TestScreenShotUITests.swift */; };
/* End PBXBuildFile section */

/* Begin PBXContainerItemProxy section */
		321806F523288E0000D167D3 /* PBXContainerItemProxy */ = {
			isa = PBXContainerItemProxy;
			containerPortal = 321806D823288DFE00D167D3 /* Project object */;
			proxyType = 1;
			remoteGlobalIDString = 321806DF23288DFE00D167D3;
			remoteInfo = TestScreenShot;
		};
		3218070023288E0100D167D3 /* PBXContainerItemProxy */ = {
			isa = PBXContainerItemProxy;
			containerPortal = 321806D823288DFE00D167D3 /* Project object */;
			proxyType = 1;
			remoteGlobalIDString = 321806DF23288DFE00D167D3;
			remoteInfo = TestScreenShot;
		};
/* End PBXContainerItemProxy section */

/* Begin PBXFileReference section */
		321806E023288DFE00D167D3 /* TestScreenShot.app */ = {isa = PBXFileReference; explicitFileType = wrapper.application; includeInIndex = 0; path = TestScreenShot.app; sourceTree = BUILT_PRODUCTS_DIR; };
		321806E323288DFE00D167D3 /* AppDelegate.swift */ = {isa = PBXFileReference; lastKnownFileType = sourcecode.swift; path = AppDelegate.swift; sourceTree = "<group>"; };
		321806E523288DFE00D167D3 /* ViewController.swift */ = {isa = PBXFileReference; lastKnownFileType = sourcecode.swift; path = ViewController.swift; sourceTree = "<group>"; };
		321806E823288DFF00D167D3 /* Base */ = {isa = PBXFileReference; lastKnownFileType = file.storyboard; name = Base; path = Base.lproj/Main.storyboard; sourceTree = "<group>"; };
		321806EA23288E0000D167D3 /* Assets.xcassets */ = {isa = PBXFileReference; lastKnownFileType = folder.assetcatalog; path = Assets.xcassets; sourceTree = "<group>"; };
		321806ED23288E0000D167D3 /* Base */ = {isa = PBXFileReference; lastKnownFileType = file.storyboard; name = Base; path = Base.lproj/LaunchScreen.storyboard; sourceTree = "<group>"; };
		321806EF23288E0000D167D3 /* Info.plist */ = {isa = PBXFileReference; lastKnownFileType = text.plist.xml; path = Info.plist; sourceTree = "<group>"; };
		321806F423288E0000D167D3 /* TestScreenShotTests.xctest */ = {isa = PBXFileReference; explicitFileType = wrapper.cfbundle; includeInIndex = 0; path = TestScreenShotTests.xctest; sourceTree = BUILT_PRODUCTS_DIR; };
		321806F823288E0100D167D3 /* TestScreenShotTests.swift */ = {isa = PBXFileReference; lastKnownFileType = sourcecode.swift; path = TestScreenShotTests.swift; sourceTree = "<group>"; };
		321806FA23288E0100D167D3 /* Info.plist */ = {isa = PBXFileReference; lastKnownFileType = text.plist.xml; path = Info.plist; sourceTree = "<group>"; };
		321806FF23288E0100D167D3 /* TestScreenShotUITests.xctest */ = {isa = PBXFileReference; explicitFileType = wrapper.cfbundle; includeInIndex = 0; path = TestScreenShotUITests.xctest; sourceTree = BUILT_PRODUCTS_DIR; };
		3218070323288E0100D167D3 /* TestScreenShotUITests.swift */ = {isa = PBXFileReference; lastKnownFileType = sourcecode.swift; path = TestScreenShotUITests.swift; sourceTree = "<group>"; };
		3218070523288E0100D167D3 /* Info.plist */ = {isa = PBXFileReference; lastKnownFileType = text.plist.xml; path = Info.plist; sourceTree = "<group>"; };
/* End PBXFileReference section */

/* Begin PBXFrameworksBuildPhase section */
		321806DD23288DFE00D167D3 /* Frameworks */ = {
			isa = PBXFrameworksBuildPhase;
			buildActionMask = 2147483647;
			files = (
			);
			runOnlyForDeploymentPostprocessing = 0;
		};
		321806F123288E0000D167D3 /* Frameworks */ = {
			isa = PBXFrameworksBuildPhase;
			buildActionMask = 2147483647;
			files = (
			);
			runOnlyForDeploymentPostprocessing = 0;
		};
		321806FC23288E0100D167D3 /* Frameworks */ = {
			isa = PBXFrameworksBuildPhase;
			buildActionMask = 2147483647;
			files = (
			);
			runOnlyForDeploymentPostprocessing = 0;
		};
/* End PBXFrameworksBuildPhase section */

/* Begin PBXGroup section */
		321806D723288DFE00D167D3 = {
			isa = PBXGroup;
			children = (
				321806E223288DFE00D167D3 /* TestScreenShot */,
				321806F723288E0100D167D3 /* TestScreenShotTests */,
				3218070223288E0100D167D3 /* TestScreenShotUITests */,
				321806E123288DFE00D167D3 /* Products */,
			);
			sourceTree = "<group>";
		};
		321806E123288DFE00D167D3 /* Products */ = {
			isa = PBXGroup;
			children = (
				321806E023288DFE00D167D3 /* TestScreenShot.app */,
				321806F423288E0000D167D3 /* TestScreenShotTests.xctest */,
				321806FF23288E0100D167D3 /* TestScreenShotUITests.xctest */,
			);
			name = Products;
			sourceTree = "<group>";
		};
		321806E223288DFE00D167D3 /* TestScreenShot */ = {
			isa = PBXGroup;
			children = (
				321806E323288DFE00D167D3 /* AppDelegate.swift */,
				321806E523288DFE00D167D3 /* ViewController.swift */,
				321806E723288DFF00D167D3 /* Main.storyboard */,
				321806EA23288E0000D167D3 /* Assets.xcassets */,
				321806EC23288E0000D167D3 /* LaunchScreen.storyboard */,
				321806EF23288E0000D167D3 /* Info.plist */,
			);
			path = TestScreenShot;
			sourceTree = "<group>";
		};
		321806F723288E0100D167D3 /* TestScreenShotTests */ = {
			isa = PBXGroup;
			children = (
				321806F823288E0100D167D3 /* TestScreenShotTests.swift */,
				321806FA23288E0100D167D3 /* Info.plist */,
			);
			path = TestScreenShotTests;
			sourceTree = "<group>";
		};
		3218070223288E0100D167D3 /* TestScreenShotUITests */ = {
			isa = PBXGroup;
			children = (
				3218070323288E0100D167D3 /* TestScreenShotUITests.swift */,
				3218070523288E0100D167D3 /* Info.plist */,
			);
			path = TestScreenShotUITests;
			sourceTree = "<group>";
		};
/* End PBXGroup section */

/* Begin PBXNativeTarget section */
		321806DF23288DFE00D167D3 /* TestScreenShot */ = {
			isa = PBXNativeTarget;
			buildConfigurationList = 3218070823288E0100D167D3 /* Build configuration list for PBXNativeTarget "TestScreenShot" */;
			buildPhases = (
				321806DC23288DFE00D167D3 /* Sources */,
				321806DD23288DFE00D167D3 /* Frameworks */,
				321806DE23288DFE00D167D3 /* Resources */,
			);
			buildRules = (
			);
			dependencies = (
			);
			name = TestScreenShot;
			productName = TestScreenShot;
			productReference = 321806E023288DFE00D167D3 /* TestScreenShot.app */;
			productType = "com.apple.product-type.application";
		};
		321806F323288E0000D167D3 /* TestScreenShotTests */ = {
			isa = PBXNativeTarget;
			buildConfigurationList = 3218070B23288E0100D167D3 /* Build configuration list for PBXNativeTarget "TestScreenShotTests" */;
			buildPhases = (
				321806F023288E0000D167D3 /* Sources */,
				321806F123288E0000D167D3 /* Frameworks */,
				321806F223288E0000D167D3 /* Resources */,
			);
			buildRules = (
			);
			dependencies = (
				321806F623288E0000D167D3 /* PBXTargetDependency */,
			);
			name = TestScreenShotTests;
			productName = TestScreenShotTests;
			productReference = 321806F423288E0000D167D3 /* TestScreenShotTests.xctest */;
			productType = "com.apple.product-type.bundle.unit-test";
		};
		321806FE23288E0100D167D3 /* TestScreenShotUITests */ = {
			isa = PBXNativeTarget;
			buildConfigurationList = 3218070E23288E0100D167D3 /* Build configuration list for PBXNativeTarget "TestScreenShotUITests" */;
			buildPhases = (
				321806FB23288E0100D167D3 /* Sources */,
				321806FC23288E0100D167D3 /* Frameworks */,
				321806FD23288E0100D167D3 /* Resources */,
			);
			buildRules = (
			);
			dependencies = (
				3218070123288E0100D167D3 /* PBXTargetDependency */,
			);
			name = TestScreenShotUITests;
			productName = TestScreenShotUITests;
			productReference = 321806FF23288E0100D167D3 /* TestScreenShotUITests.xctest */;
			productType = "com.apple.product-type.bundle.ui-testing";
		};
/* End PBXNativeTarget section */

/* Begin PBXProject section */
		321806D823288DFE00D167D3 /* Project object */ = {
			isa = PBXProject;
			attributes = {
				LastSwiftUpdateCheck = 1010;
				LastUpgradeCheck = 1010;
				ORGANIZATIONNAME = "Bruce Chen";
				TargetAttributes = {
					321806DF23288DFE00D167D3 = {
						CreatedOnToolsVersion = 10.1;
					};
					321806F323288E0000D167D3 = {
						CreatedOnToolsVersion = 10.1;
						TestTargetID = 321806DF23288DFE00D167D3;
					};
					321806FE23288E0100D167D3 = {
						CreatedOnToolsVersion = 10.1;
						TestTargetID = 321806DF23288DFE00D167D3;
					};
				};
			};
			buildConfigurationList = 321806DB23288DFE00D167D3 /* Build configuration list for PBXProject "TestScreenShot" */;
			compatibilityVersion = "Xcode 9.3";
			developmentRegion = en;
			hasScannedForEncodings = 0;
			knownRegions = (
				en,
				Base,
			);
			mainGroup = 321806D723288DFE00D167D3;
			productRefGroup = 321806E123288DFE00D167D3 /* Products */;
			projectDirPath = "";
			projectRoot = "";
			targets = (
				321806DF23288DFE00D167D3 /* TestScreenShot */,
				321806F323288E0000D167D3 /* TestScreenShotTests */,
				321806FE23288E0100D167D3 /* TestScreenShotUITests */,
			);
		};
/* End PBXProject section */

/* Begin PBXResourcesBuildPhase section */
		321806DE23288DFE00D167D3 /* Resources */ = {
			isa = PBXResourcesBuildPhase;
			buildActionMask = 2147483647;
			files = (
				321806EE23288E0000D167D3 /* LaunchScreen.storyboard in Resources */,
				321806EB23288E0000D167D3 /* Assets.xcassets in Resources */,
				321806E923288DFF00D167D3 /* Main.storyboard in Resources */,
			);
			runOnlyForDeploymentPostprocessing = 0;
		};
		321806F223288E0000D167D3 /* Resources */ = {
			isa = PBXResourcesBuildPhase;
			buildActionMask = 2147483647;
			files = (
			);
			runOnlyForDeploymentPostprocessing = 0;
		};
		321806FD23288E0100D167D3 /* Resources */ = {
			isa = PBXResourcesBuildPhase;
			buildActionMask = 2147483647;
			files = (
			);
			runOnlyForDeploymentPostprocessing = 0;
		};
/* End PBXResourcesBuildPhase section */

/* Begin PBXSourcesBuildPhase section */
		321806DC23288DFE00D167D3 /* Sources */ = {
			isa = PBXSourcesBuildPhase;
			buildActionMask = 2147483647;
			files = (
				321806E623288DFE00D167D3 /* ViewController.swift in Sources */,
				321806E423288DFE00D167D3 /* AppDelegate.swift in Sources */,
			);
			runOnlyForDeploymentPostprocessing = 0;
		};
		321806F023288E0000D167D3 /* Sources */ = {
			isa = PBXSourcesBuildPhase;
			buildActionMask = 2147483647;
			files = (
				321806F923288E0100D167D3 /* TestScreenShotTests.swift in Sources */,
			);
			runOnlyForDeploymentPostprocessing = 0;
		};
		321806FB23288E0100D167D3 /* Sources */ = {
			isa = PBXSourcesBuildPhase;
			buildActionMask = 2147483647;
			files = (
				3218070423288E0100D167D3 /* TestScreenShotUITests.swift in Sources */,
			);
			runOnlyForDeploymentPostprocessing = 0;
		};
/* End PBXSourcesBuildPhase section */

/* Begin PBXTargetDependency section */
		321806F623288E0000D167D3 /* PBXTargetDependency */ = {
			isa = PBXTargetDependency;
			target = 321806DF23288DFE00D167D3 /* TestScreenShot */;
			targetProxy = 321806F523288E0000D167D3 /* PBXContainerItemProxy */;
		};
		3218070123288E0100D167D3 /* PBXTargetDependency */ = {
			isa = PBXTargetDependency;
			target = 321806DF23288DFE00D167D3 /* TestScreenShot */;
			targetProxy = 3218070023288E0100D167D3 /* PBXContainerItemProxy */;
		};
/* End PBXTargetDependency section */

/* Begin PBXVariantGroup section */
		321806E723288DFF00D167D3 /* Main.storyboard */ = {
			isa = PBXVariantGroup;
			children = (
				321806E823288DFF00D167D3 /* Base */,
			);
			name = Main.storyboard;
			sourceTree = "<group>";
		};
		321806EC23288E0000D167D3 /* LaunchScreen.storyboard */ = {
			isa = PBXVariantGroup;
			children = (
				321806ED23288E0000D167D3 /* Base */,
			);
			name = LaunchScreen.storyboard;
			sourceTree = "<group>";
		};
/* End PBXVariantGroup section */

/* Begin XCBuildConfiguration section */
		3218070623288E0100D167D3 /* Debug */ = {
			isa = XCBuildConfiguration;
			buildSettings = {
				ALWAYS_SEARCH_USER_PATHS = NO;
				CLANG_ANALYZER_NONNULL = YES;
				CLANG_ANALYZER_NUMBER_OBJECT_CONVERSION = YES_AGGRESSIVE;
				CLANG_CXX_LANGUAGE_STANDARD = "gnu++14";
				CLANG_CXX_LIBRARY = "libc++";
				CLANG_ENABLE_MODULES = YES;
				CLANG_ENABLE_OBJC_ARC = YES;
				CLANG_ENABLE_OBJC_WEAK = YES;
				CLANG_WARN_BLOCK_CAPTURE_AUTORELEASING = YES;
				CLANG_WARN_BOOL_CONVERSION = YES;
				CLANG_WARN_COMMA = YES;
				CLANG_WARN_CONSTANT_CONVERSION = YES;
				CLANG_WARN_DEPRECATED_OBJC_IMPLEMENTATIONS = YES;
				CLANG_WARN_DIRECT_OBJC_ISA_USAGE = YES_ERROR;
				CLANG_WARN_DOCUMENTATION_COMMENTS = YES;
				CLANG_WARN_EMPTY_BODY = YES;
				CLANG_WARN_ENUM_CONVERSION = YES;
				CLANG_WARN_INFINITE_RECURSION = YES;
				CLANG_WARN_INT_CONVERSION = YES;
				CLANG_WARN_NON_LITERAL_NULL_CONVERSION = YES;
				CLANG_WARN_OBJC_IMPLICIT_RETAIN_SELF = YES;
				CLANG_WARN_OBJC_LITERAL_CONVERSION = YES;
				CLANG_WARN_OBJC_ROOT_CLASS = YES_ERROR;
				CLANG_WARN_RANGE_LOOP_ANALYSIS = YES;
				CLANG_WARN_STRICT_PROTOTYPES = YES;
				CLANG_WARN_SUSPICIOUS_MOVE = YES;
				CLANG_WARN_UNGUARDED_AVAILABILITY = YES_AGGRESSIVE;
				CLANG_WARN_UNREACHABLE_CODE = YES;
				CLANG_WARN__DUPLICATE_METHOD_MATCH = YES;
				CODE_SIGN_IDENTITY = "iPhone Developer";
				COPY_PHASE_STRIP = NO;
				DEBUG_INFORMATION_FORMAT = dwarf;
				ENABLE_STRICT_OBJC_MSGSEND = YES;
				ENABLE_TESTABILITY = YES;
				GCC_C_LANGUAGE_STANDARD = gnu11;
				GCC_DYNAMIC_NO_PIC = NO;
				GCC_NO_COMMON_BLOCKS = YES;
				GCC_OPTIMIZATION_LEVEL = 0;
				GCC_PREPROCESSOR_DEFINITIONS = (
					"DEBUG=1",
					"$(inherited)",
				);
				GCC_WARN_64_TO_32_BIT_CONVERSION = YES;
				GCC_WARN_ABOUT_RETURN_TYPE = YES_ERROR;
				GCC_WARN_UNDECLARED_SELECTOR = YES;
				GCC_WARN_UNINITIALIZED_AUTOS = YES_AGGRESSIVE;
				GCC_WARN_UNUSED_FUNCTION = YES;
				GCC_WARN_UNUSED_VARIABLE = YES;
				IPHONEOS_DEPLOYMENT_TARGET = 12.1;
				MTL_ENABLE_DEBUG_INFO = INCLUDE_SOURCE;
				MTL_FAST_MATH = YES;
				ONLY_ACTIVE_ARCH = YES;
				SDKROOT = iphoneos;
				SWIFT_ACTIVE_COMPILATION_CONDITIONS = DEBUG;
				SWIFT_OPTIMIZATION_LEVEL = "-Onone";
			};
			name = Debug;
		};
		3218070723288E0100D167D3 /* Release */ = {
			isa = XCBuildConfiguration;
			buildSettings = {
				ALWAYS_SEARCH_USER_PATHS = NO;
				CLANG_ANALYZER_NONNULL = YES;
				CLANG_ANALYZER_NUMBER_OBJECT_CONVERSION = YES_AGGRESSIVE;
				CLANG_CXX_LANGUAGE_STANDARD = "gnu++14";
				CLANG_CXX_LIBRARY = "libc++";
				CLANG_ENABLE_MODULES = YES;
				CLANG_ENABLE_OBJC_ARC = YES;
				CLANG_ENABLE_OBJC_WEAK = YES;
				CLANG_WARN_BLOCK_CAPTURE_AUTORELEASING = YES;
				CLANG_WARN_BOOL_CONVERSION = YES;
				CLANG_WARN_COMMA = YES;
				CLANG_WARN_CONSTANT_CONVERSION = YES;
				CLANG_WARN_DEPRECATED_OBJC_IMPLEMENTATIONS = YES;
				CLANG_WARN_DIRECT_OBJC_ISA_USAGE = YES_ERROR;
				CLANG_WARN_DOCUMENTATION_COMMENTS = YES;
				CLANG_WARN_EMPTY_BODY = YES;
				CLANG_WARN_ENUM_CONVERSION = YES;
				CLANG_WARN_INFINITE_RECURSION = YES;
				CLANG_WARN_INT_CONVERSION = YES;
				CLANG_WARN_NON_LITERAL_NULL_CONVERSION = YES;
				CLANG_WARN_OBJC_IMPLICIT_RETAIN_SELF = YES;
				CLANG_WARN_OBJC_LITERAL_CONVERSION = YES;
				CLANG_WARN_OBJC_ROOT_CLASS = YES_ERROR;
				CLANG_WARN_RANGE_LOOP_ANALYSIS = YES;
				CLANG_WARN_STRICT_PROTOTYPES = YES;
				CLANG_WARN_SUSPICIOUS_MOVE = YES;
				CLANG_WARN_UNGUARDED_AVAILABILITY = YES_AGGRESSIVE;
				CLANG_WARN_UNREACHABLE_CODE = YES;
				CLANG_WARN__DUPLICATE_METHOD_MATCH = YES;
				CODE_SIGN_IDENTITY = "iPhone Developer";
				COPY_PHASE_STRIP = NO;
				DEBUG_INFORMATION_FORMAT = "dwarf-with-dsym";
				ENABLE_NS_ASSERTIONS = NO;
				ENABLE_STRICT_OBJC_MSGSEND = YES;
				GCC_C_LANGUAGE_STANDARD = gnu11;
				GCC_NO_COMMON_BLOCKS = YES;
				GCC_WARN_64_TO_32_BIT_CONVERSION = YES;
				GCC_WARN_ABOUT_RETURN_TYPE = YES_ERROR;
				GCC_WARN_UNDECLARED_SELECTOR = YES;
				GCC_WARN_UNINITIALIZED_AUTOS = YES_AGGRESSIVE;
				GCC_WARN_UNUSED_FUNCTION = YES;
				GCC_WARN_UNUSED_VARIABLE = YES;
				IPHONEOS_DEPLOYMENT_TARGET = 12.1;
				MTL_ENABLE_DEBUG_INFO = NO;
				MTL_FAST_MATH = YES;
				SDKROOT = iphoneos;
				SWIFT_COMPILATION_MODE = wholemodule;
				SWIFT_OPTIMIZATION_LEVEL = "-O";
				VALIDATE_PRODUCT = YES;
			};
			name = Release;
		};
		3218070923288E0100D167D3 /* Debug */ = {
			isa = XCBuildConfiguration;
			buildSettings = {
				ASSETCATALOG_COMPILER_APPICON_NAME = AppIcon;
				CODE_SIGN_STYLE = Automatic;
				INFOPLIST_FILE = TestScreenShot/Info.plist;
				LD_RUNPATH_SEARCH_PATHS = (
					"$(inherited)",
					"@executable_path/Frameworks",
				);
				PRODUCT_BUNDLE_IDENTIFIER = tw.com.mitake.TestScreenShot;
				PRODUCT_NAME = "$(TARGET_NAME)";
				SWIFT_VERSION = 4.2;
				TARGETED_DEVICE_FAMILY = "1,2";
			};
			name = Debug;
		};
		3218070A23288E0100D167D3 /* Release */ = {
			isa = XCBuildConfiguration;
			buildSettings = {
				ASSETCATALOG_COMPILER_APPICON_NAME = AppIcon;
				CODE_SIGN_STYLE = Automatic;
				INFOPLIST_FILE = TestScreenShot/Info.plist;
				LD_RUNPATH_SEARCH_PATHS = (
					"$(inherited)",
					"@executable_path/Frameworks",
				);
				PRODUCT_BUNDLE_IDENTIFIER = tw.com.mitake.TestScreenShot;
				PRODUCT_NAME = "$(TARGET_NAME)";
				SWIFT_VERSION = 4.2;
				TARGETED_DEVICE_FAMILY = "1,2";
			};
			name = Release;
		};
		3218070C23288E0100D167D3 /* Debug */ = {
			isa = XCBuildConfiguration;
			buildSettings = {
				ALWAYS_EMBED_SWIFT_STANDARD_LIBRARIES = YES;
				BUNDLE_LOADER = "$(TEST_HOST)";
				CODE_SIGN_STYLE = Automatic;
				INFOPLIST_FILE = TestScreenShotTests/Info.plist;
				LD_RUNPATH_SEARCH_PATHS = (
					"$(inherited)",
					"@executable_path/Frameworks",
					"@loader_path/Frameworks",
				);
				PRODUCT_BUNDLE_IDENTIFIER = tw.com.mitake.TestScreenShotTests;
				PRODUCT_NAME = "$(TARGET_NAME)";
				SWIFT_VERSION = 4.2;
				TARGETED_DEVICE_FAMILY = "1,2";
				TEST_HOST = "$(BUILT_PRODUCTS_DIR)/TestScreenShot.app/TestScreenShot";
			};
			name = Debug;
		};
		3218070D23288E0100D167D3 /* Release */ = {
			isa = XCBuildConfiguration;
			buildSettings = {
				ALWAYS_EMBED_SWIFT_STANDARD_LIBRARIES = YES;
				BUNDLE_LOADER = "$(TEST_HOST)";
				CODE_SIGN_STYLE = Automatic;
				INFOPLIST_FILE = TestScreenShotTests/Info.plist;
				LD_RUNPATH_SEARCH_PATHS = (
					"$(inherited)",
					"@executable_path/Frameworks",
					"@loader_path/Frameworks",
				);
				PRODUCT_BUNDLE_IDENTIFIER = tw.com.mitake.TestScreenShotTests;
				PRODUCT_NAME = "$(TARGET_NAME)";
				SWIFT_VERSION = 4.2;
				TARGETED_DEVICE_FAMILY = "1,2";
				TEST_HOST = "$(BUILT_PRODUCTS_DIR)/TestScreenShot.app/TestScreenShot";
			};
			name = Release;
		};
		3218070F23288E0100D167D3 /* Debug */ = {
			isa = XCBuildConfiguration;
			buildSettings = {
				ALWAYS_EMBED_SWIFT_STANDARD_LIBRARIES = YES;
				CODE_SIGN_STYLE = Automatic;
				INFOPLIST_FILE = TestScreenShotUITests/Info.plist;
				LD_RUNPATH_SEARCH_PATHS = (
					"$(inherited)",
					"@executable_path/Frameworks",
					"@loader_path/Frameworks",
				);
				PRODUCT_BUNDLE_IDENTIFIER = tw.com.mitake.TestScreenShotUITests;
				PRODUCT_NAME = "$(TARGET_NAME)";
				SWIFT_VERSION = 4.2;
				TARGETED_DEVICE_FAMILY = "1,2";
				TEST_TARGET_NAME = TestScreenShot;
			};
			name = Debug;
		};
		3218071023288E0100D167D3 /* Release */ = {
			isa = XCBuildConfiguration;
			buildSettings = {
				ALWAYS_EMBED_SWIFT_STANDARD_LIBRARIES = YES;
				CODE_SIGN_STYLE = Automatic;
				INFOPLIST_FILE = TestScreenShotUITests/Info.plist;
				LD_RUNPATH_SEARCH_PATHS = (
					"$(inherited)",
					"@executable_path/Frameworks",
					"@loader_path/Frameworks",
				);
				PRODUCT_BUNDLE_IDENTIFIER = tw.com.mitake.TestScreenShotUITests;
				PRODUCT_NAME = "$(TARGET_NAME)";
				SWIFT_VERSION = 4.2;
				TARGETED_DEVICE_FAMILY = "1,2";
				TEST_TARGET_NAME = TestScreenShot;
			};
			name = Release;
		};
/* End XCBuildConfiguration section */

/* Begin XCConfigurationList section */
		321806DB23288DFE00D167D3 /* Build configuration list for PBXProject "TestScreenShot" */ = {
			isa = XCConfigurationList;
			buildConfigurations = (
				3218070623288E0100D167D3 /* Debug */,
				3218070723288E0100D167D3 /* Release */,
			);
			defaultConfigurationIsVisible = 0;
			defaultConfigurationName = Release;
		};
		3218070823288E0100D167D3 /* Build configuration list for PBXNativeTarget "TestScreenShot" */ = {
			isa = XCConfigurationList;
			buildConfigurations = (
				3218070923288E0100D167D3 /* Debug */,
				3218070A23288E0100D167D3 /* Release */,
			);
			defaultConfigurationIsVisible = 0;
			defaultConfigurationName = Release;
		};
		3218070B23288E0100D167D3 /* Build configuration list for PBXNativeTarget "TestScreenShotTests" */ = {
			isa = XCConfigurationList;
			buildConfigurations = (
				3218070C23288E0100D167D3 /* Debug */,
				3218070D23288E0100D167D3 /* Release */,
			);
			defaultConfigurationIsVisible = 0;
			defaultConfigurationName = Release;
		};
		3218070E23288E0100D167D3 /* Build configuration list for PBXNativeTarget "TestScreenShotUITests" */ = {
			isa = XCConfigurationList;
			buildConfigurations = (
				3218070F23288E0100D167D3 /* Debug */,
				3218071023288E0100D167D3 /* Release */,
			);
			defaultConfigurationIsVisible = 0;
			defaultConfigurationName = Release;
		};
/* End XCConfigurationList section */
	};
	rootObject = 321806D823288DFE00D167D3 /* Project object */;
}
